
Microsoft Visual Studio Solution File, Format Version 12.00
# Visual Studio Version 16
VisualStudioVersion = 16.0.28531.58
MinimumVisualStudioVersion = 10.0.40219.1
Project("{9A19103F-16F7-4668-BE54-9A1E7A4F7556}") = "TGame", "OTGameServer\TGame.csproj", "{1FB9A39E-061D-48E8-90C6-99C3D440B63C}"
EndProject
Global
	GlobalSection(SolutionConfigurationPlatforms) = preSolution
		Debug|Any CPU = Debug|Any CPU
		Release|Any CPU = Release|Any CPU
	EndGlobalSection
	GlobalSection(ProjectConfigurationPlatforms) = postSolution
		{1FB9A39E-061D-48E8-90C6-99C3D440B63C}.Debug|Any CPU.ActiveCfg = Debug|Any CPU
		{1FB9A39E-061D-48E8-90C6-99C3D440B63C}.Debug|Any CPU.Build.0 = Debug|Any CPU
		{1FB9A39E-061D-48E8-90C6-99C3D440B63C}.Release|Any CPU.ActiveCfg = Release|Any CPU
		{1FB9A39E-061D-48E8-90C6-99C3D440B63C}.Release|Any CPU.Build.0 = Release|Any CPU
	EndGlobalSection
	GlobalSection(SolutionProperties) = preSolution
		HideSolutionNode = FALSE
	EndGlobalSection
	GlobalSection(ExtensibilityGlobals) = postSolution
		SolutionGuid = {32DC99AF-B1CF-47DC-8AC2-ADB84F3F1B4A}
	EndGlobalSection
EndGlobal
